
Microsoft Visual Studio Solution File, Format Version 12.00
# Visual Studio 15
VisualStudioVersion = 15.0.26228.9
MinimumVisualStudioVersion = 10.0.40219.1
Project("{2150E333-8FDC-42A3-9474-1A3956D46DE8}") = "01.Presentacion", "01.Presentacion", "{4D548E85-81BE-4CC5-817A-78719FAA6565}"
EndProject
Project("{2150E333-8FDC-42A3-9474-1A3956D46DE8}") = "02.Aplicacion", "02.Aplicacion", "{AB1F900A-0D53-4F51-AC04-3EAA1FCE9513}"
EndProject
Project("{2150E333-8FDC-42A3-9474-1A3956D46DE8}") = "03.Dominio", "03.Dominio", "{55113C6C-7A0C-4C34-93C4-4B2817E1E8D6}"
EndProject
Project("{2150E333-8FDC-42A3-9474-1A3956D46DE8}") = "04.Persistencia", "04.Persistencia", "{028997A4-D77F-43F9-8741-5CD74E291AB6}"
EndProject
Project("{FAE04EC0-301F-11D3-BF4B-00C04F79EFBC}") = "PortalNegocios.Dominio.Entidad", "PortalNegocios.Dominio.Entidad\PortalNegocios.Dominio.Entidad.csproj", "{AA7E2B06-5E6C-4A74-96E7-13B84160C4BF}"
EndProject
Project("{FAE04EC0-301F-11D3-BF4B-00C04F79EFBC}") = "PortalNegocios.Persistencia.InsightDatabase", "PortalNegocios.Persistencia.InsightDatabase\PortalNegocios.Persistencia.InsightDatabase.csproj", "{2FB1276C-17BE-408F-A114-9D8F08F9A843}"
EndProject
Project("{FAE04EC0-301F-11D3-BF4B-00C04F79EFBC}") = "PortalNegocios.Presentacion.AppWeb", "PortalNegocios.Presentacion.AppWeb\PortalNegocios.Presentacion.AppWeb.csproj", "{D85ED859-3EE1-41DE-AF13-0F837476EF6A}"
EndProject
Project("{FAE04EC0-301F-11D3-BF4B-00C04F79EFBC}") = "PortalNegocios.Dominio.Negocio", "PortalNegocios.Aplicacion.Negocio\PortalNegocios.Dominio.Negocio.csproj", "{19ACC90C-CCCD-4872-B694-E96954DD3BA8}"
EndProject
Project("{2150E333-8FDC-42A3-9474-1A3956D46DE8}") = "00.Nucleo", "00.Nucleo", "{889E5290-1DCF-4FD5-AD2E-73084C98655A}"
EndProject
Project("{FAE04EC0-301F-11D3-BF4B-00C04F79EFBC}") = "PortalNegocios.Nucleo.DTO", "PortalNegocios.Nucleo.DTO\PortalNegocios.Nucleo.DTO.csproj", "{E2127F5F-885E-458D-A913-A593984098B4}"
EndProject
Project("{FAE04EC0-301F-11D3-BF4B-00C04F79EFBC}") = "PortalNegocios.Dominio.Contrato", "PortalNegocios.Dominio.Contrato\PortalNegocios.Dominio.Contrato.csproj", "{ECFE7F11-E9EB-49DF-B619-01253B8E1329}"
EndProject
Project("{2150E333-8FDC-42A3-9474-1A3956D46DE8}") = "05.Infraestructura", "05.Infraestructura", "{C761FE51-F756-41C3-B564-48551897AE28}"
EndProject
Project("{FAE04EC0-301F-11D3-BF4B-00C04F79EFBC}") = "PortalNegocios.Infraestructura.Seguridad", "PortalNegocios.Infraestructura.Seguridad\PortalNegocios.Infraestructura.Seguridad.csproj", "{608FAC71-2502-4F6B-8B4A-44D6A6851004}"
EndProject
Project("{FAE04EC0-301F-11D3-BF4B-00C04F79EFBC}") = "PortalNegocios.Aplicacion.Wcf", "PortalNegocios.Aplicacion.Wcf\PortalNegocios.Aplicacion.Wcf.csproj", "{BFFA4857-088D-4823-BFC9-EB77FF66C139}"
EndProject
Project("{FAE04EC0-301F-11D3-BF4B-00C04F79EFBC}") = "PortalNegocios.Aplicacion.ServicioMovil", "PortalNegocios.Aplicacion.ServicioMovil\PortalNegocios.Aplicacion.ServicioMovil.csproj", "{FDD46193-450B-4D13-85F3-B07430D9039D}"
EndProject
Project("{FAE04EC0-301F-11D3-BF4B-00C04F79EFBC}") = "PortalNegocios.Infraestructura", "PortalNegocios.Infraestructura\PortalNegocios.Infraestructura.csproj", "{56230B31-1AA9-4418-A12F-601E87E12610}"
EndProject
Global
	GlobalSection(SolutionConfigurationPlatforms) = preSolution
		Debug|Any CPU = Debug|Any CPU
		Debug|ARM = Debug|ARM
		Debug|x64 = Debug|x64
		Debug|x86 = Debug|x86
		Release|Any CPU = Release|Any CPU
		Release|ARM = Release|ARM
		Release|x64 = Release|x64
		Release|x86 = Release|x86
	EndGlobalSection
	GlobalSection(ProjectConfigurationPlatforms) = postSolution
		{AA7E2B06-5E6C-4A74-96E7-13B84160C4BF}.Debug|Any CPU.ActiveCfg = Debug|Any CPU
		{AA7E2B06-5E6C-4A74-96E7-13B84160C4BF}.Debug|Any CPU.Build.0 = Debug|Any CPU
		{AA7E2B06-5E6C-4A74-96E7-13B84160C4BF}.Debug|ARM.ActiveCfg = Debug|Any CPU
		{AA7E2B06-5E6C-4A74-96E7-13B84160C4BF}.Debug|ARM.Build.0 = Debug|Any CPU
		{AA7E2B06-5E6C-4A74-96E7-13B84160C4BF}.Debug|x64.ActiveCfg = Debug|Any CPU
		{AA7E2B06-5E6C-4A74-96E7-13B84160C4BF}.Debug|x64.Build.0 = Debug|Any CPU
		{AA7E2B06-5E6C-4A74-96E7-13B84160C4BF}.Debug|x86.ActiveCfg = Debug|Any CPU
		{AA7E2B06-5E6C-4A74-96E7-13B84160C4BF}.Debug|x86.Build.0 = Debug|Any CPU
		{AA7E2B06-5E6C-4A74-96E7-13B84160C4BF}.Release|Any CPU.ActiveCfg = Release|Any CPU
		{AA7E2B06-5E6C-4A74-96E7-13B84160C4BF}.Release|Any CPU.Build.0 = Release|Any CPU
		{AA7E2B06-5E6C-4A74-96E7-13B84160C4BF}.Release|ARM.ActiveCfg = Release|Any CPU
		{AA7E2B06-5E6C-4A74-96E7-13B84160C4BF}.Release|ARM.Build.0 = Release|Any CPU
		{AA7E2B06-5E6C-4A74-96E7-13B84160C4BF}.Release|x64.ActiveCfg = Release|Any CPU
		{AA7E2B06-5E6C-4A74-96E7-13B84160C4BF}.Release|x64.Build.0 = Release|Any CPU
		{AA7E2B06-5E6C-4A74-96E7-13B84160C4BF}.Release|x86.ActiveCfg = Release|Any CPU
		{AA7E2B06-5E6C-4A74-96E7-13B84160C4BF}.Release|x86.Build.0 = Release|Any CPU
		{2FB1276C-17BE-408F-A114-9D8F08F9A843}.Debug|Any CPU.ActiveCfg = Debug|Any CPU
		{2FB1276C-17BE-408F-A114-9D8F08F9A843}.Debug|Any CPU.Build.0 = Debug|Any CPU
		{2FB1276C-17BE-408F-A114-9D8F08F9A843}.Debug|ARM.ActiveCfg = Debug|Any CPU
		{2FB1276C-17BE-408F-A114-9D8F08F9A843}.Debug|ARM.Build.0 = Debug|Any CPU
		{2FB1276C-17BE-408F-A114-9D8F08F9A843}.Debug|x64.ActiveCfg = Debug|Any CPU
		{2FB1276C-17BE-408F-A114-9D8F08F9A843}.Debug|x64.Build.0 = Debug|Any CPU
		{2FB1276C-17BE-408F-A114-9D8F08F9A843}.Debug|x86.ActiveCfg = Debug|Any CPU
		{2FB1276C-17BE-408F-A114-9D8F08F9A843}.Debug|x86.Build.0 = Debug|Any CPU
		{2FB1276C-17BE-408F-A114-9D8F08F9A843}.Release|Any CPU.ActiveCfg = Release|Any CPU
		{2FB1276C-17BE-408F-A114-9D8F08F9A843}.Release|Any CPU.Build.0 = Release|Any CPU
		{2FB1276C-17BE-408F-A114-9D8F08F9A843}.Release|ARM.ActiveCfg = Release|Any CPU
		{2FB1276C-17BE-408F-A114-9D8F08F9A843}.Release|ARM.Build.0 = Release|Any CPU
		{2FB1276C-17BE-408F-A114-9D8F08F9A843}.Release|x64.ActiveCfg = Release|Any CPU
		{2FB1276C-17BE-408F-A114-9D8F08F9A843}.Release|x64.Build.0 = Release|Any CPU
		{2FB1276C-17BE-408F-A114-9D8F08F9A843}.Release|x86.ActiveCfg = Release|Any CPU
		{2FB1276C-17BE-408F-A114-9D8F08F9A843}.Release|x86.Build.0 = Release|Any CPU
		{D85ED859-3EE1-41DE-AF13-0F837476EF6A}.Debug|Any CPU.ActiveCfg = Debug|Any CPU
		{D85ED859-3EE1-41DE-AF13-0F837476EF6A}.Debug|Any CPU.Build.0 = Debug|Any CPU
		{D85ED859-3EE1-41DE-AF13-0F837476EF6A}.Debug|ARM.ActiveCfg = Debug|Any CPU
		{D85ED859-3EE1-41DE-AF13-0F837476EF6A}.Debug|ARM.Build.0 = Debug|Any CPU
		{D85ED859-3EE1-41DE-AF13-0F837476EF6A}.Debug|x64.ActiveCfg = Debug|Any CPU
		{D85ED859-3EE1-41DE-AF13-0F837476EF6A}.Debug|x64.Build.0 = Debug|Any CPU
		{D85ED859-3EE1-41DE-AF13-0F837476EF6A}.Debug|x86.ActiveCfg = Debug|Any CPU
		{D85ED859-3EE1-41DE-AF13-0F837476EF6A}.Debug|x86.Build.0 = Debug|Any CPU
		{D85ED859-3EE1-41DE-AF13-0F837476EF6A}.Release|Any CPU.ActiveCfg = Release|Any CPU
		{D85ED859-3EE1-41DE-AF13-0F837476EF6A}.Release|Any CPU.Build.0 = Release|Any CPU
		{D85ED859-3EE1-41DE-AF13-0F837476EF6A}.Release|ARM.ActiveCfg = Release|Any CPU
		{D85ED859-3EE1-41DE-AF13-0F837476EF6A}.Release|ARM.Build.0 = Release|Any CPU
		{D85ED859-3EE1-41DE-AF13-0F837476EF6A}.Release|x64.ActiveCfg = Release|Any CPU
		{D85ED859-3EE1-41DE-AF13-0F837476EF6A}.Release|x64.Build.0 = Release|Any CPU
		{D85ED859-3EE1-41DE-AF13-0F837476EF6A}.Release|x86.ActiveCfg = Release|Any CPU
		{D85ED859-3EE1-41DE-AF13-0F837476EF6A}.Release|x86.Build.0 = Release|Any CPU
		{19ACC90C-CCCD-4872-B694-E96954DD3BA8}.Debug|Any CPU.ActiveCfg = Debug|Any CPU
		{19ACC90C-CCCD-4872-B694-E96954DD3BA8}.Debug|Any CPU.Build.0 = Debug|Any CPU
		{19ACC90C-CCCD-4872-B694-E96954DD3BA8}.Debug|ARM.ActiveCfg = Debug|Any CPU
		{19ACC90C-CCCD-4872-B694-E96954DD3BA8}.Debug|ARM.Build.0 = Debug|Any CPU
		{19ACC90C-CCCD-4872-B694-E96954DD3BA8}.Debug|x64.ActiveCfg = Debug|Any CPU
		{19ACC90C-CCCD-4872-B694-E96954DD3BA8}.Debug|x64.Build.0 = Debug|Any CPU
		{19ACC90C-CCCD-4872-B694-E96954DD3BA8}.Debug|x86.ActiveCfg = Debug|Any CPU
		{19ACC90C-CCCD-4872-B694-E96954DD3BA8}.Debug|x86.Build.0 = Debug|Any CPU
		{19ACC90C-CCCD-4872-B694-E96954DD3BA8}.Release|Any CPU.ActiveCfg = Release|Any CPU
		{19ACC90C-CCCD-4872-B694-E96954DD3BA8}.Release|Any CPU.Build.0 = Release|Any CPU
		{19ACC90C-CCCD-4872-B694-E96954DD3BA8}.Release|ARM.ActiveCfg = Release|Any CPU
		{19ACC90C-CCCD-4872-B694-E96954DD3BA8}.Release|ARM.Build.0 = Release|Any CPU
		{19ACC90C-CCCD-4872-B694-E96954DD3BA8}.Release|x64.ActiveCfg = Release|Any CPU
		{19ACC90C-CCCD-4872-B694-E96954DD3BA8}.Release|x64.Build.0 = Release|Any CPU
		{19ACC90C-CCCD-4872-B694-E96954DD3BA8}.Release|x86.ActiveCfg = Release|Any CPU
		{19ACC90C-CCCD-4872-B694-E96954DD3BA8}.Release|x86.Build.0 = Release|Any CPU
		{E2127F5F-885E-458D-A913-A593984098B4}.Debug|Any CPU.ActiveCfg = Debug|Any CPU
		{E2127F5F-885E-458D-A913-A593984098B4}.Debug|Any CPU.Build.0 = Debug|Any CPU
		{E2127F5F-885E-458D-A913-A593984098B4}.Debug|ARM.ActiveCfg = Debug|Any CPU
		{E2127F5F-885E-458D-A913-A593984098B4}.Debug|ARM.Build.0 = Debug|Any CPU
		{E2127F5F-885E-458D-A913-A593984098B4}.Debug|x64.ActiveCfg = Debug|Any CPU
		{E2127F5F-885E-458D-A913-A593984098B4}.Debug|x64.Build.0 = Debug|Any CPU
		{E2127F5F-885E-458D-A913-A593984098B4}.Debug|x86.ActiveCfg = Debug|Any CPU
		{E2127F5F-885E-458D-A913-A593984098B4}.Debug|x86.Build.0 = Debug|Any CPU
		{E2127F5F-885E-458D-A913-A593984098B4}.Release|Any CPU.ActiveCfg = Release|Any CPU
		{E2127F5F-885E-458D-A913-A593984098B4}.Release|Any CPU.Build.0 = Release|Any CPU
		{E2127F5F-885E-458D-A913-A593984098B4}.Release|ARM.ActiveCfg = Release|Any CPU
		{E2127F5F-885E-458D-A913-A593984098B4}.Release|ARM.Build.0 = Release|Any CPU
		{E2127F5F-885E-458D-A913-A593984098B4}.Release|x64.ActiveCfg = Release|Any CPU
		{E2127F5F-885E-458D-A913-A593984098B4}.Release|x64.Build.0 = Release|Any CPU
		{E2127F5F-885E-458D-A913-A593984098B4}.Release|x86.ActiveCfg = Release|Any CPU
		{E2127F5F-885E-458D-A913-A593984098B4}.Release|x86.Build.0 = Release|Any CPU
		{ECFE7F11-E9EB-49DF-B619-01253B8E1329}.Debug|Any CPU.ActiveCfg = Debug|Any CPU
		{ECFE7F11-E9EB-49DF-B619-01253B8E1329}.Debug|Any CPU.Build.0 = Debug|Any CPU
		{ECFE7F11-E9EB-49DF-B619-01253B8E1329}.Debug|ARM.ActiveCfg = Debug|Any CPU
		{ECFE7F11-E9EB-49DF-B619-01253B8E1329}.Debug|ARM.Build.0 = Debug|Any CPU
		{ECFE7F11-E9EB-49DF-B619-01253B8E1329}.Debug|x64.ActiveCfg = Debug|Any CPU
		{ECFE7F11-E9EB-49DF-B619-01253B8E1329}.Debug|x64.Build.0 = Debug|Any CPU
		{ECFE7F11-E9EB-49DF-B619-01253B8E1329}.Debug|x86.ActiveCfg = Debug|Any CPU
		{ECFE7F11-E9EB-49DF-B619-01253B8E1329}.Debug|x86.Build.0 = Debug|Any CPU
		{ECFE7F11-E9EB-49DF-B619-01253B8E1329}.Release|Any CPU.ActiveCfg = Release|Any CPU
		{ECFE7F11-E9EB-49DF-B619-01253B8E1329}.Release|Any CPU.Build.0 = Release|Any CPU
		{ECFE7F11-E9EB-49DF-B619-01253B8E1329}.Release|ARM.ActiveCfg = Release|Any CPU
		{ECFE7F11-E9EB-49DF-B619-01253B8E1329}.Release|ARM.Build.0 = Release|Any CPU
		{ECFE7F11-E9EB-49DF-B619-01253B8E1329}.Release|x64.ActiveCfg = Release|Any CPU
		{ECFE7F11-E9EB-49DF-B619-01253B8E1329}.Release|x64.Build.0 = Release|Any CPU
		{ECFE7F11-E9EB-49DF-B619-01253B8E1329}.Release|x86.ActiveCfg = Release|Any CPU
		{ECFE7F11-E9EB-49DF-B619-01253B8E1329}.Release|x86.Build.0 = Release|Any CPU
		{608FAC71-2502-4F6B-8B4A-44D6A6851004}.Debug|Any CPU.ActiveCfg = Debug|Any CPU
		{608FAC71-2502-4F6B-8B4A-44D6A6851004}.Debug|Any CPU.Build.0 = Debug|Any CPU
		{608FAC71-2502-4F6B-8B4A-44D6A6851004}.Debug|ARM.ActiveCfg = Debug|Any CPU
		{608FAC71-2502-4F6B-8B4A-44D6A6851004}.Debug|ARM.Build.0 = Debug|Any CPU
		{608FAC71-2502-4F6B-8B4A-44D6A6851004}.Debug|x64.ActiveCfg = Debug|Any CPU
		{608FAC71-2502-4F6B-8B4A-44D6A6851004}.Debug|x64.Build.0 = Debug|Any CPU
		{608FAC71-2502-4F6B-8B4A-44D6A6851004}.Debug|x86.ActiveCfg = Debug|Any CPU
		{608FAC71-2502-4F6B-8B4A-44D6A6851004}.Debug|x86.Build.0 = Debug|Any CPU
		{608FAC71-2502-4F6B-8B4A-44D6A6851004}.Release|Any CPU.ActiveCfg = Release|Any CPU
		{608FAC71-2502-4F6B-8B4A-44D6A6851004}.Release|Any CPU.Build.0 = Release|Any CPU
		{608FAC71-2502-4F6B-8B4A-44D6A6851004}.Release|ARM.ActiveCfg = Release|Any CPU
		{608FAC71-2502-4F6B-8B4A-44D6A6851004}.Release|ARM.Build.0 = Release|Any CPU
		{608FAC71-2502-4F6B-8B4A-44D6A6851004}.Release|x64.ActiveCfg = Release|Any CPU
		{608FAC71-2502-4F6B-8B4A-44D6A6851004}.Release|x64.Build.0 = Release|Any CPU
		{608FAC71-2502-4F6B-8B4A-44D6A6851004}.Release|x86.ActiveCfg = Release|Any CPU
		{608FAC71-2502-4F6B-8B4A-44D6A6851004}.Release|x86.Build.0 = Release|Any CPU
		{BFFA4857-088D-4823-BFC9-EB77FF66C139}.Debug|Any CPU.ActiveCfg = Debug|Any CPU
		{BFFA4857-088D-4823-BFC9-EB77FF66C139}.Debug|Any CPU.Build.0 = Debug|Any CPU
		{BFFA4857-088D-4823-BFC9-EB77FF66C139}.Debug|ARM.ActiveCfg = Debug|Any CPU
		{BFFA4857-088D-4823-BFC9-EB77FF66C139}.Debug|ARM.Build.0 = Debug|Any CPU
		{BFFA4857-088D-4823-BFC9-EB77FF66C139}.Debug|x64.ActiveCfg = Debug|Any CPU
		{BFFA4857-088D-4823-BFC9-EB77FF66C139}.Debug|x64.Build.0 = Debug|Any CPU
		{BFFA4857-088D-4823-BFC9-EB77FF66C139}.Debug|x86.ActiveCfg = Debug|Any CPU
		{BFFA4857-088D-4823-BFC9-EB77FF66C139}.Debug|x86.Build.0 = Debug|Any CPU
		{BFFA4857-088D-4823-BFC9-EB77FF66C139}.Release|Any CPU.ActiveCfg = Release|Any CPU
		{BFFA4857-088D-4823-BFC9-EB77FF66C139}.Release|Any CPU.Build.0 = Release|Any CPU
		{BFFA4857-088D-4823-BFC9-EB77FF66C139}.Release|ARM.ActiveCfg = Release|Any CPU
		{BFFA4857-088D-4823-BFC9-EB77FF66C139}.Release|ARM.Build.0 = Release|Any CPU
		{BFFA4857-088D-4823-BFC9-EB77FF66C139}.Release|x64.ActiveCfg = Release|Any CPU
		{BFFA4857-088D-4823-BFC9-EB77FF66C139}.Release|x64.Build.0 = Release|Any CPU
		{BFFA4857-088D-4823-BFC9-EB77FF66C139}.Release|x86.ActiveCfg = Release|Any CPU
		{BFFA4857-088D-4823-BFC9-EB77FF66C139}.Release|x86.Build.0 = Release|Any CPU
		{FDD46193-450B-4D13-85F3-B07430D9039D}.Debug|Any CPU.ActiveCfg = Debug|Any CPU
		{FDD46193-450B-4D13-85F3-B07430D9039D}.Debug|Any CPU.Build.0 = Debug|Any CPU
		{FDD46193-450B-4D13-85F3-B07430D9039D}.Debug|ARM.ActiveCfg = Debug|Any CPU
		{FDD46193-450B-4D13-85F3-B07430D9039D}.Debug|ARM.Build.0 = Debug|Any CPU
		{FDD46193-450B-4D13-85F3-B07430D9039D}.Debug|x64.ActiveCfg = Debug|Any CPU
		{FDD46193-450B-4D13-85F3-B07430D9039D}.Debug|x64.Build.0 = Debug|Any CPU
		{FDD46193-450B-4D13-85F3-B07430D9039D}.Debug|x86.ActiveCfg = Debug|Any CPU
		{FDD46193-450B-4D13-85F3-B07430D9039D}.Debug|x86.Build.0 = Debug|Any CPU
		{FDD46193-450B-4D13-85F3-B07430D9039D}.Release|Any CPU.ActiveCfg = Release|Any CPU
		{FDD46193-450B-4D13-85F3-B07430D9039D}.Release|Any CPU.Build.0 = Release|Any CPU
		{FDD46193-450B-4D13-85F3-B07430D9039D}.Release|ARM.ActiveCfg = Release|Any CPU
		{FDD46193-450B-4D13-85F3-B07430D9039D}.Release|ARM.Build.0 = Release|Any CPU
		{FDD46193-450B-4D13-85F3-B07430D9039D}.Release|x64.ActiveCfg = Release|Any CPU
		{FDD46193-450B-4D13-85F3-B07430D9039D}.Release|x64.Build.0 = Release|Any CPU
		{FDD46193-450B-4D13-85F3-B07430D9039D}.Release|x86.ActiveCfg = Release|Any CPU
		{FDD46193-450B-4D13-85F3-B07430D9039D}.Release|x86.Build.0 = Release|Any CPU
		{56230B31-1AA9-4418-A12F-601E87E12610}.Debug|Any CPU.ActiveCfg = Debug|Any CPU
		{56230B31-1AA9-4418-A12F-601E87E12610}.Debug|Any CPU.Build.0 = Debug|Any CPU
		{56230B31-1AA9-4418-A12F-601E87E12610}.Debug|ARM.ActiveCfg = Debug|Any CPU
		{56230B31-1AA9-4418-A12F-601E87E12610}.Debug|ARM.Build.0 = Debug|Any CPU
		{56230B31-1AA9-4418-A12F-601E87E12610}.Debug|x64.ActiveCfg = Debug|Any CPU
		{56230B31-1AA9-4418-A12F-601E87E12610}.Debug|x64.Build.0 = Debug|Any CPU
		{56230B31-1AA9-4418-A12F-601E87E12610}.Debug|x86.ActiveCfg = Debug|Any CPU
		{56230B31-1AA9-4418-A12F-601E87E12610}.Debug|x86.Build.0 = Debug|Any CPU
		{56230B31-1AA9-4418-A12F-601E87E12610}.Release|Any CPU.ActiveCfg = Release|Any CPU
		{56230B31-1AA9-4418-A12F-601E87E12610}.Release|Any CPU.Build.0 = Release|Any CPU
		{56230B31-1AA9-4418-A12F-601E87E12610}.Release|ARM.ActiveCfg = Release|Any CPU
		{56230B31-1AA9-4418-A12F-601E87E12610}.Release|ARM.Build.0 = Release|Any CPU
		{56230B31-1AA9-4418-A12F-601E87E12610}.Release|x64.ActiveCfg = Release|Any CPU
		{56230B31-1AA9-4418-A12F-601E87E12610}.Release|x64.Build.0 = Release|Any CPU
		{56230B31-1AA9-4418-A12F-601E87E12610}.Release|x86.ActiveCfg = Release|Any CPU
		{56230B31-1AA9-4418-A12F-601E87E12610}.Release|x86.Build.0 = Release|Any CPU
	EndGlobalSection
	GlobalSection(SolutionProperties) = preSolution
		HideSolutionNode = FALSE
	EndGlobalSection
	GlobalSection(NestedProjects) = preSolution
		{AA7E2B06-5E6C-4A74-96E7-13B84160C4BF} = {55113C6C-7A0C-4C34-93C4-4B2817E1E8D6}
		{2FB1276C-17BE-408F-A114-9D8F08F9A843} = {028997A4-D77F-43F9-8741-5CD74E291AB6}
		{D85ED859-3EE1-41DE-AF13-0F837476EF6A} = {4D548E85-81BE-4CC5-817A-78719FAA6565}
		{19ACC90C-CCCD-4872-B694-E96954DD3BA8} = {55113C6C-7A0C-4C34-93C4-4B2817E1E8D6}
		{E2127F5F-885E-458D-A913-A593984098B4} = {889E5290-1DCF-4FD5-AD2E-73084C98655A}
		{ECFE7F11-E9EB-49DF-B619-01253B8E1329} = {55113C6C-7A0C-4C34-93C4-4B2817E1E8D6}
		{608FAC71-2502-4F6B-8B4A-44D6A6851004} = {C761FE51-F756-41C3-B564-48551897AE28}
		{BFFA4857-088D-4823-BFC9-EB77FF66C139} = {AB1F900A-0D53-4F51-AC04-3EAA1FCE9513}
		{FDD46193-450B-4D13-85F3-B07430D9039D} = {AB1F900A-0D53-4F51-AC04-3EAA1FCE9513}
		{56230B31-1AA9-4418-A12F-601E87E12610} = {C761FE51-F756-41C3-B564-48551897AE28}
	EndGlobalSection
EndGlobal
